lockfileVersion: 5.4

specifiers:
  '@next/env': ^13.4.1
  '@react-spring/types': ^9.6.1
  '@vercel/analytics': ^1.0.1
  concurrently: ^7.6.0
  next: ^13.4.1
  next-sitemap: ^4.0.9
  react: ^18.2.0
  react-dom: ^18.2.0
  react-spring: ^9.7.1

dependencies:
  '@next/env': 13.4.1
  '@react-spring/types': 9.6.1
  '@vercel/analytics': 1.0.1
  next: 13.4.1_biqbaboplfbrettd7655fr4n2y
  next-sitemap: 4.0.9_fupcx4x476qeq6dwwsdgok5soq
  react: 18.2.0
  react-dom: 18.2.0_react@18.2.0
  react-spring: 9.7.1_biqbaboplfbrettd7655fr4n2y

devDependencies:
  concurrently: 7.6.0

packages:

  /@corex/deepmerge/4.0.43:
    resolution: {integrity: sha512-N8uEMrMPL0cu/bdboEWpQYb/0i2K5Qn8eCsxzOmxSggJbbQte7ljMRoXm917AbntqTGOzdTu+vP3KOOzoC70HQ==}
    dev: false

  /@next/env/13.4.1:
    resolution: {integrity: sha512-eD6WCBMFjLFooLM19SIhSkWBHtaFrZFfg2Cxnyl3vS3DAdFRfnx5TY2RxlkuKXdIRCC0ySbtK9JXXt8qLCqzZg==}
    dev: false

  /@next/swc-darwin-arm64/13.4.1:
    resolution: {integrity: sha512-eF8ARHtYfnoYtDa6xFHriUKA/Mfj/cCbmKb3NofeKhMccs65G6/loZ15a6wYCCx4rPAd6x4t1WmVYtri7EdeBg==}
    engines: {node: '>= 10'}
    cpu: [arm64]
    os: [darwin]
    requiresBuild: true
    dev: false
    optional: true

  /@next/swc-darwin-x64/13.4.1:
    resolution: {integrity: sha512-7cmDgF9tGWTgn5Gw+vP17miJbH4wcraMHDCOHTYWkO/VeKT73dUWG23TNRLfgtCNSPgH4V5B4uLHoZTanx9bAw==}
    engines: {node: '>= 10'}
    cpu: [x64]
    os: [darwin]
    requiresBuild: true
    dev: false
    optional: true

  /@next/swc-linux-arm64-gnu/13.4.1:
    resolution: {integrity: sha512-qwJqmCri2ie8aTtE5gjTSr8S6O8B67KCYgVZhv9gKH44yvc/zXbAY8u23QGULsYOyh1islWE5sWfQNLOj9iryg==}
    engines: {node: '>= 10'}
    cpu: [arm64]
    os: [linux]
    requiresBuild: true
    dev: false
    optional: true

  /@next/swc-linux-arm64-musl/13.4.1:
    resolution: {integrity: sha512-qcC54tWNGDv/VVIFkazxhqH1Bnagjfs4enzELVRlUOoJPD2BGJTPI7z08pQPbbgxLtRiu8gl2mXvpB8WlOkMeA==}
    engines: {node: '>= 10'}
    cpu: [arm64]
    os: [linux]
    requiresBuild: true
    dev: false
    optional: true

  /@next/swc-linux-x64-gnu/13.4.1:
    resolution: {integrity: sha512-9TeWFlpLsBosZ+tsm/rWBaMwt5It9tPH8m3nawZqFUUrZyGRfGcI67js774vtx0k3rL9qbyY6+3pw9BCVpaYUA==}
    engines: {node: '>= 10'}
    cpu: [x64]
    os: [linux]
    requiresBuild: true
    dev: false
    optional: true

  /@next/swc-linux-x64-musl/13.4.1:
    resolution: {integrity: sha512-sNDGaWmSqTS4QRUzw61wl4mVPeSqNIr1OOjLlQTRuyInxMxtqImRqdvzDvFTlDfdeUMU/DZhWGYoHrXLlZXe6A==}
    engines: {node: '>= 10'}
    cpu: [x64]
    os: [linux]
    requiresBuild: true
    dev: false
    optional: true

  /@next/swc-win32-arm64-msvc/13.4.1:
    resolution: {integrity: sha512-+CXZC7u1iXdLRudecoUYbhbsXpglYv8KFYsFxKBPn7kg+bk7eJo738wAA4jXIl8grTF2mPdmO93JOQym+BlYGA==}
    engines: {node: '>= 10'}
    cpu: [arm64]
    os: [win32]
    requiresBuild: true
    dev: false
    optional: true

  /@next/swc-win32-ia32-msvc/13.4.1:
    resolution: {integrity: sha512-vIoXVVc7UYO68VwVMDKwJC2+HqAZQtCYiVlApyKEeIPIQpz2gpufzGxk1z3/gwrJt/kJ5CDZjlhYDCzd3hdz+g==}
    engines: {node: '>= 10'}
    cpu: [ia32]
    os: [win32]
    requiresBuild: true
    dev: false
    optional: true

  /@next/swc-win32-x64-msvc/13.4.1:
    resolution: {integrity: sha512-n8V5ImLQZibKTu10UUdI3nIeTLkliEXe628qxqW9v8My3BAH2a7H0SaCqkV2OgqFnn8sG1wxKYw9/SNJ632kSA==}
    engines: {node: '>= 10'}
    cpu: [x64]
    os: [win32]
    requiresBuild: true
    dev: false
    optional: true

  /@react-spring/animated/9.7.2_react@18.2.0:
    resolution: {integrity: sha512-ipvleJ99ipqlnHkz5qhSsgf/ny5aW0ZG8Q+/2Oj9cI7LCc7COdnrSO6V/v8MAX3JOoQNzfz6dye2s5Pt5jGaIA==}
    peerDependencies:
      react: ^16.8.0 || ^17.0.0 || ^18.0.0
    dependencies:
      '@react-spring/shared': 9.7.2_react@18.2.0
      '@react-spring/types': 9.7.2
      react: 18.2.0
    dev: false

  /@react-spring/core/9.7.2_react@18.2.0:
    resolution: {integrity: sha512-fF512edZT/gKVCA90ZRxfw1DmELeVwiL4OC2J6bMUlNr707C0h4QRoec6DjzG27uLX2MvS1CEatf9KRjwZR9/w==}
    peerDependencies:
      react: ^16.8.0 || ^17.0.0 || ^18.0.0
    dependencies:
      '@react-spring/animated': 9.7.2_react@18.2.0
      '@react-spring/rafz': 9.7.2
      '@react-spring/shared': 9.7.2_react@18.2.0
      '@react-spring/types': 9.7.2
      react: 18.2.0
    dev: false

  /@react-spring/konva/9.7.2_react@18.2.0:
    resolution: {integrity: sha512-xMA0XkIyv02euso8BGlLA4iXVJ76p6WCjABMTjdvcp//KvIub596vLwoLzmqHYjqRhH7BP4UQKxzhHvM7AylQA==}
    peerDependencies:
      konva: '>=2.6'
      react: ^16.8.0 || ^17.0.0 || ^18.0.0
      react-konva: ^16.8.0 || ^16.8.7-0 || ^16.9.0-0 || ^16.10.1-0 || ^16.12.0-0 || ^16.13.0-0 || ^17.0.0-0 || ^17.0.1-0 || ^17.0.2-0 || ^18.0.0-0
    dependencies:
      '@react-spring/animated': 9.7.2_react@18.2.0
      '@react-spring/core': 9.7.2_react@18.2.0
      '@react-spring/shared': 9.7.2_react@18.2.0
      '@react-spring/types': 9.7.2
      react: 18.2.0
    dev: false

  /@react-spring/native/9.7.2_react@18.2.0:
    resolution: {integrity: sha512-Ltq/F+4jY7aqHW1/f1xUb+e3XGbVxnllXfDYU+3nXi4sa7O+du755hpNbCHJ5ZgtkQYFKtQ7I+InTY+CDXPYfw==}
    peerDependencies:
      react: ^16.8.0  || >=17.0.0 || >=18.0.0
      react-native: '>=0.58'
    dependencies:
      '@react-spring/animated': 9.7.2_react@18.2.0
      '@react-spring/core': 9.7.2_react@18.2.0
      '@react-spring/shared': 9.7.2_react@18.2.0
      '@react-spring/types': 9.7.2
      react: 18.2.0
    dev: false

  /@react-spring/rafz/9.7.2:
    resolution: {integrity: sha512-kDWMYDQto3+flkrX3vy6DU/l9pxQ4TVW91DglQEc11iDc7shF4+WVDRJvOVLX+xoMP7zyag1dMvlIgvQ+dvA/A==}
    dev: false

  /@react-spring/shared/9.7.2_react@18.2.0:
    resolution: {integrity: sha512-6U9qkno+9DxlH5nSltnPs+kU6tYKf0bPLURX2te13aGel8YqgcpFYp5Av8DcN2x3sukinAsmzHUS/FRsdZMMBA==}
    peerDependencies:
      react: ^16.8.0 || ^17.0.0 || ^18.0.0
    dependencies:
      '@react-spring/rafz': 9.7.2
      '@react-spring/types': 9.7.2
      react: 18.2.0
    dev: false

  /@react-spring/three/9.7.2_react@18.2.0:
    resolution: {integrity: sha512-u7VAjc+az82PM+WOC2sTbZQLBixuN+0jX/oahzyjEnIds5eUJgaBqZRYAAEMupuzGGl8H3QqL3bFgBEQLq6ADQ==}
    peerDependencies:
      '@react-three/fiber': '>=6.0'
      react: ^16.8.0 || ^17.0.0 || ^18.0.0
      three: '>=0.126'
    dependencies:
      '@react-spring/animated': 9.7.2_react@18.2.0
      '@react-spring/core': 9.7.2_react@18.2.0
      '@react-spring/shared': 9.7.2_react@18.2.0
      '@react-spring/types': 9.7.2
      react: 18.2.0
    dev: false

  /@react-spring/types/9.6.1:
    resolution: {integrity: sha512-POu8Mk0hIU3lRXB3bGIGe4VHIwwDsQyoD1F394OK7STTiX9w4dG3cTLljjYswkQN+hDSHRrj4O36kuVa7KPU8Q==}
    dev: false

  /@react-spring/types/9.7.2:
    resolution: {integrity: sha512-GEflx2Ex/TKVMHq5g5MxQDNNPNhqg+4Db9m7+vGTm8ttZiyga7YQUF24shgRNebKIjahqCuei16SZga8h1pe4g==}
    dev: false

  /@react-spring/web/9.7.2_biqbaboplfbrettd7655fr4n2y:
    resolution: {integrity: sha512-7qNc7/5KShu2D05x7o2Ols2nUE7mCKfKLaY2Ix70xPMfTle1sZisoQMBFgV9w/fSLZlHZHV9P0uWJqEXQnbV4Q==}
    peerDependencies:
      react: ^16.8.0 || ^17.0.0 || ^18.0.0
      react-dom: ^16.8.0 || ^17.0.0 || ^18.0.0
    dependencies:
      '@react-spring/animated': 9.7.2_react@18.2.0
      '@react-spring/core': 9.7.2_react@18.2.0
      '@react-spring/shared': 9.7.2_react@18.2.0
      '@react-spring/types': 9.7.2
      react: 18.2.0
      react-dom: 18.2.0_react@18.2.0
    dev: false

  /@react-spring/zdog/9.7.2_biqbaboplfbrettd7655fr4n2y:
    resolution: {integrity: sha512-6z2qqhmbpoZrw1oThyn4zfejtLkuadsaZFVMFf/5l5cHTEdRC8HZsBRLo+Wiomkprg/F1hyhcXI5X1lJ+T/zdQ==}
    peerDependencies:
      react: ^16.8.0 || ^17.0.0 || ^18.0.0
      react-dom: ^16.8.0 || ^17.0.0 || ^18.0.0
      react-zdog: '>=1.0'
      zdog: '>=1.0'
    dependencies:
      '@react-spring/animated': 9.7.2_react@18.2.0
      '@react-spring/core': 9.7.2_react@18.2.0
      '@react-spring/shared': 9.7.2_react@18.2.0
      '@react-spring/types': 9.7.2
      react: 18.2.0
      react-dom: 18.2.0_react@18.2.0
    dev: false

  /@swc/helpers/0.5.1:
    resolution: {integrity: sha512-sJ902EfIzn1Fa+qYmjdQqh8tPsoxyBz+8yBKC2HKUxyezKJFwPGOn7pv4WY6QuQW//ySQi5lJjA/ZT9sNWWNTg==}
    dependencies:
      tslib: 2.5.0
    dev: false

  /@vercel/analytics/1.0.1:
    resolution: {integrity: sha512-Ux0c9qUfkcPqng3vrR0GTrlQdqNJ2JREn/2ydrVuKwM3RtMfF2mWX31Ijqo1opSjNAq6rK76PwtANw6kl6TAow==}
    dev: false

  /ansi-regex/5.0.1:
    resolution: {integrity: sha512-quJQXlTSUGL2LH9SUXo8VwsY4soanhgo6LNSm84E1LBcE8s3O0wpdiRzyR9z/ZZJMlMWv37qOOb9pdJlMUEKFQ==}
    engines: {node: '>=8'}
    dev: true

  /ansi-styles/4.3.0:
    resolution: {integrity: sha512-zbB9rCJAT1rbjiVDb2hqKFHNYLxgtk8NURxZ3IZwD3F6NtxbXZQCnnSi1Lkx+IDohdPlFp222wVALIheZJQSEg==}
    engines: {node: '>=8'}
    dependencies:
      color-convert: 2.0.1
    dev: true

  /busboy/1.6.0:
    resolution: {integrity: sha512-8SFQbg/0hQ9xy3UNTB0YEnsNBbWfhf7RtnzpL7TkBiTBRfrQ9Fxcnz7VJsleJpyp6rVLvXiuORqjlHi5q+PYuA==}
    engines: {node: '>=10.16.0'}
    dependencies:
      streamsearch: 1.1.0
    dev: false

  /caniuse-lite/1.0.30001482:
    resolution: {integrity: sha512-F1ZInsg53cegyjroxLNW9DmrEQ1SuGRTO1QlpA0o2/6OpQ0gFeDRoq1yFmnr8Sakn9qwwt9DmbxHB6w167OSuQ==}
    dev: false

  /chalk/4.1.2:
    resolution: {integrity: sha512-oKnbhFyRIXpUuez8iBMmyEa4nbj4IOQyuhc/wy9kY7/WVPcwIO9VA668Pu8RkO7+0G76SLROeyw9CpQ061i4mA==}
    engines: {node: '>=10'}
    dependencies:
      ansi-styles: 4.3.0
      supports-color: 7.2.0
    dev: true

  /client-only/0.0.1:
    resolution: {integrity: sha512-IV3Ou0jSMzZrd3pZ48nLkT9DA7Ag1pnPzaiQhpW7c3RbcqqzvzzVu+L8gfqMp/8IM2MQtSiqaCxrrcfu8I8rMA==}
    dev: false

  /cliui/8.0.1:
    resolution: {integrity: sha512-BSeNnyus75C4//NQ9gQt1/csTXyo/8Sb+afLAkzAptFuMsod9HFokGNudZpi/oQV73hnVK+sR+5PVRMd+Dr7YQ==}
    engines: {node: '>=12'}
    dependencies:
      string-width: 4.2.3
      strip-ansi: 6.0.1
      wrap-ansi: 7.0.0
    dev: true

  /color-convert/2.0.1:
    resolution: {integrity: sha512-RRECPsj7iu/xb5oKYcsFHSppFNnsj/52OVTRKb4zP5onXwVF3zVmmToNcOfGC+CRDpfK/U584fMg38ZHCaElKQ==}
    engines: {node: '>=7.0.0'}
    dependencies:
      color-name: 1.1.4
    dev: true

  /color-name/1.1.4:
    resolution: {integrity: sha512-dOy+3AuW3a2wNbZHIuMZpTcgjGuLU/uBL/ubcZF9OXbDo8ff4O8yVp5Bf0efS8uEoYo5q4Fx7dY9OgQGXgAsQA==}
    dev: true

  /concurrently/7.6.0:
    resolution: {integrity: sha512-BKtRgvcJGeZ4XttiDiNcFiRlxoAeZOseqUvyYRUp/Vtd+9p1ULmeoSqGsDA+2ivdeDFpqrJvGvmI+StKfKl5hw==}
    engines: {node: ^12.20.0 || ^14.13.0 || >=16.0.0}
    hasBin: true
    dependencies:
      chalk: 4.1.2
      date-fns: 2.29.3
      lodash: 4.17.21
      rxjs: 7.8.0
      shell-quote: 1.8.0
      spawn-command: 0.0.2-1
      supports-color: 8.1.1
      tree-kill: 1.2.2
      yargs: 17.6.2
    dev: true

  /date-fns/2.29.3:
    resolution: {integrity: sha512-dDCnyH2WnnKusqvZZ6+jA1O51Ibt8ZMRNkDZdyAyK4YfbDwa/cEmuztzG5pk6hqlp9aSBPYcjOlktquahGwGeA==}
    engines: {node: '>=0.11'}
    dev: true

  /emoji-regex/8.0.0:
    resolution: {integrity: sha512-MSjYzcWNOA0ewAHpz0MxpYFvwg6yjy1NG3xteoqz644VCo/RPgnr1/GGt+ic3iJTzQ8Eu3TdM14SawnVUmGE6A==}
    dev: true

  /escalade/3.1.1:
    resolution: {integrity: sha512-k0er2gUkLf8O0zKJiAhmkTnJlTvINGv7ygDNPbeIsX/TJjGJZHuh9B2UxbsaEkmlEo9MfhrSzmhIlhRlI2GXnw==}
    engines: {node: '>=6'}
    dev: true

  /get-caller-file/2.0.5:
    resolution: {integrity: sha512-DyFP3BM/3YHTQOCUL/w0OZHR0lpKeGrxotcHWcqNEdnltqFwXVfhEBQ94eIo34AfQpo0rGki4cyIiftY06h2Fg==}
    engines: {node: 6.* || 8.* || >= 10.*}
    dev: true

  /has-flag/4.0.0:
    resolution: {integrity: sha512-EykJT/Q1KjTWctppgIAgfSO0tKVuZUjhgMr17kqTumMl6Afv3EISleU7qZUzoXDFTAHTDC4NOoG/ZxU3EvlMPQ==}
    engines: {node: '>=8'}
    dev: true

  /is-fullwidth-code-point/3.0.0:
    resolution: {integrity: sha512-zymm5+u+sCsSWyD9qNaejV3DFvhCKclKdizYaJUuHA83RLjb7nSuGnddCHGv0hk+KY7BMAlsWeK4Ueg6EV6XQg==}
    engines: {node: '>=8'}
    dev: true

  /js-tokens/4.0.0:
    resolution: {integrity: sha512-RdJUflcE3cUzKiMqQgsCu06FPu9UdIJO0beYbPhHN4k6apgJtifcoCtT9bcxOpYBtpD2kCM6Sbzg4CausW/PKQ==}
    dev: false

  /lodash/4.17.21:
    resolution: {integrity: sha512-v2kDEe57lecTulaDIuNTPy3Ry4gLGJ6Z1O3vE1krgXZNrsQ+LFTGHVxVjcXPs17LhbZVGedAJv8XZ1tvj5FvSg==}
    dev: true

  /loose-envify/1.4.0:
    resolution: {integrity: sha512-lyuxPGr/Wfhrlem2CL/UcnUc1zcqKAImBDzukY7Y5F/yQiNdko6+fRLevlw1HgMySw7f611UIY408EtxRSoK3Q==}
    hasBin: true
    dependencies:
      js-tokens: 4.0.0
    dev: false

  /minimist/1.2.8:
    resolution: {integrity: sha512-2yyAR8qBkN3YuheJanUpWC5U3bb5osDywNB8RzDVlDwDHbocAJveqqj1u8+SVD7jkWT4yvsHCpWqqWqAxb0zCA==}
    dev: false

  /nanoid/3.3.6:
    resolution: {integrity: sha512-BGcqMMJuToF7i1rt+2PWSNVnWIkGCU78jBG3RxO/bZlnZPK2Cmi2QaffxGO/2RvWi9sL+FAiRiXMgsyxQ1DIDA==}
    engines: {node: ^10 || ^12 || ^13.7 || ^14 || >=15.0.1}
    hasBin: true
    dev: false

  /next-sitemap/4.0.9_fupcx4x476qeq6dwwsdgok5soq:
    resolution: {integrity: sha512-8pbcEe4vrmgGEc3beVbrSqd8mTQ9lCsGxP+AOlArrGmeLkKD4TbSR41R2unQHHSTkBG8cQ/7gjKkdLBlzwtu6g==}
    engines: {node: '>=14.18'}
    hasBin: true
    peerDependencies:
      '@next/env': '*'
      next: '*'
    dependencies:
      '@corex/deepmerge': 4.0.43
      '@next/env': 13.4.1
      minimist: 1.2.8
      next: 13.4.1_biqbaboplfbrettd7655fr4n2y
    dev: false

  /next/13.4.1_biqbaboplfbrettd7655fr4n2y:
    resolution: {integrity: sha512-JBw2kAIyhKDpjhEWvNVoFeIzNp9xNxg8wrthDOtMctfn3EpqGCmW0FSviNyGgOSOSn6zDaX48pmvbdf6X2W9xA==}
    engines: {node: '>=16.8.0'}
    hasBin: true
    peerDependencies:
      '@opentelemetry/api': ^1.1.0
      fibers: '>= 3.1.0'
      node-sass: ^6.0.0 || ^7.0.0
      react: ^18.2.0
      react-dom: ^18.2.0
      sass: ^1.3.0
    peerDependenciesMeta:
      '@opentelemetry/api':
        optional: true
      fibers:
        optional: true
      node-sass:
        optional: true
      sass:
        optional: true
    dependencies:
      '@next/env': 13.4.1
      '@swc/helpers': 0.5.1
      busboy: 1.6.0
      caniuse-lite: 1.0.30001482
      postcss: 8.4.14
      react: 18.2.0
      react-dom: 18.2.0_react@18.2.0
      styled-jsx: 5.1.1_react@18.2.0
      zod: 3.21.4
    optionalDependencies:
      '@next/swc-darwin-arm64': 13.4.1
      '@next/swc-darwin-x64': 13.4.1
      '@next/swc-linux-arm64-gnu': 13.4.1
      '@next/swc-linux-arm64-musl': 13.4.1
      '@next/swc-linux-x64-gnu': 13.4.1
      '@next/swc-linux-x64-musl': 13.4.1
      '@next/swc-win32-arm64-msvc': 13.4.1
      '@next/swc-win32-ia32-msvc': 13.4.1
      '@next/swc-win32-x64-msvc': 13.4.1
    transitivePeerDependencies:
      - '@babel/core'
      - babel-plugin-macros
    dev: false

  /picocolors/1.0.0:
    resolution: {integrity: sha512-1fygroTLlHu66zi26VoTDv8yRgm0Fccecssto+MhsZ0D/DGW2sm8E8AjW7NU5VVTRt5GxbeZ5qBuJr+HyLYkjQ==}
    dev: false

  /postcss/8.4.14:
    resolution: {integrity: sha512-E398TUmfAYFPBSdzgeieK2Y1+1cpdxJx8yXbK/m57nRhKSmk1GB2tO4lbLBtlkfPQTDKfe4Xqv1ASWPpayPEig==}
    engines: {node: ^10 || ^12 || >=14}
    dependencies:
      nanoid: 3.3.6
      picocolors: 1.0.0
      source-map-js: 1.0.2
    dev: false

  /react-dom/18.2.0_react@18.2.0:
    resolution: {integrity: sha512-6IMTriUmvsjHUjNtEDudZfuDQUoWXVxKHhlEGSk81n4YFS+r/Kl99wXiwlVXtPBtJenozv2P+hxDsw9eA7Xo6g==}
    peerDependencies:
      react: ^18.2.0
    dependencies:
      loose-envify: 1.4.0
      react: 18.2.0
      scheduler: 0.23.0
    dev: false

  /react-spring/9.7.1_biqbaboplfbrettd7655fr4n2y:
    resolution: {integrity: sha512-o2+r2DNQDVEuefiz33ZF76DPd/gLq3kbdObJmllGF2IUfv2W6x+ZP0gR97QYCSR4QLbmOl1mPKUBbI+FJdys2Q==}
    peerDependencies:
      react: ^16.8.0 || ^17.0.0 || ^18.0.0
      react-dom: ^16.8.0 || ^17.0.0 || ^18.0.0
    dependencies:
      '@react-spring/core': 9.7.2_react@18.2.0
      '@react-spring/konva': 9.7.2_react@18.2.0
      '@react-spring/native': 9.7.2_react@18.2.0
      '@react-spring/three': 9.7.2_react@18.2.0
      '@react-spring/web': 9.7.2_biqbaboplfbrettd7655fr4n2y
      '@react-spring/zdog': 9.7.2_biqbaboplfbrettd7655fr4n2y
      react: 18.2.0
      react-dom: 18.2.0_react@18.2.0
    transitivePeerDependencies:
      - '@react-three/fiber'
      - konva
      - react-konva
      - react-native
      - react-zdog
      - three
      - zdog
    dev: false

  /react/18.2.0:
    resolution: {integrity: sha512-/3IjMdb2L9QbBdWiW5e3P2/npwMBaU9mHCSCUzNln0ZCYbcfTsGbTJrU/kGemdH2IWmB2ioZ+zkxtmq6g09fGQ==}
    engines: {node: '>=0.10.0'}
    dependencies:
      loose-envify: 1.4.0
    dev: false

  /require-directory/2.1.1:
    resolution: {integrity: sha512-fGxEI7+wsG9xrvdjsrlmL22OMTTiHRwAMroiEeMgq8gzoLC/PQr7RsRDSTLUg/bZAZtF+TVIkHc6/4RIKrui+Q==}
    engines: {node: '>=0.10.0'}
    dev: true

  /rxjs/7.8.0:
    resolution: {integrity: sha512-F2+gxDshqmIub1KdvZkaEfGDwLNpPvk9Fs6LD/MyQxNgMds/WH9OdDDXOmxUZpME+iSK3rQCctkL0DYyytUqMg==}
    dependencies:
      tslib: 2.5.0
    dev: true

  /scheduler/0.23.0:
    resolution: {integrity: sha512-CtuThmgHNg7zIZWAXi3AsyIzA3n4xx7aNyjwC2VJldO2LMVDhFK+63xGqq6CsJH4rTAt6/M+N4GhZiDYPx9eUw==}
    dependencies:
      loose-envify: 1.4.0
    dev: false

  /shell-quote/1.8.0:
    resolution: {integrity: sha512-QHsz8GgQIGKlRi24yFc6a6lN69Idnx634w49ay6+jA5yFh7a1UY+4Rp6HPx/L/1zcEDPEij8cIsiqR6bQsE5VQ==}
    dev: true

  /source-map-js/1.0.2:
    resolution: {integrity: sha512-R0XvVJ9WusLiqTCEiGCmICCMplcCkIwwR11mOSD9CR5u+IXYdiseeEuXCVAjS54zqwkLcPNnmU4OeJ6tUrWhDw==}
    engines: {node: '>=0.10.0'}
    dev: false

  /spawn-command/0.0.2-1:
    resolution: {integrity: sha512-n98l9E2RMSJ9ON1AKisHzz7V42VDiBQGY6PB1BwRglz99wpVsSuGzQ+jOi6lFXBGVTCrRpltvjm+/XA+tpeJrg==}
    dev: true

  /streamsearch/1.1.0:
    resolution: {integrity: sha512-Mcc5wHehp9aXz1ax6bZUyY5afg9u2rv5cqQI3mRrYkGC8rW2hM02jWuwjtL++LS5qinSyhj2QfLyNsuc+VsExg==}
    engines: {node: '>=10.0.0'}
    dev: false

  /string-width/4.2.3:
    resolution: {integrity: sha512-wKyQRQpjJ0sIp62ErSZdGsjMJWsap5oRNihHhu6G7JVO/9jIB6UyevL+tXuOqrng8j/cxKTWyWUwvSTriiZz/g==}
    engines: {node: '>=8'}
    dependencies:
      emoji-regex: 8.0.0
      is-fullwidth-code-point: 3.0.0
      strip-ansi: 6.0.1
    dev: true

  /strip-ansi/6.0.1:
    resolution: {integrity: sha512-Y38VPSHcqkFrCpFnQ9vuSXmquuv5oXOKpGeT6aGrr3o3Gc9AlVa6JBfUSOCnbxGGZF+/0ooI7KrPuUSztUdU5A==}
    engines: {node: '>=8'}
    dependencies:
      ansi-regex: 5.0.1
    dev: true

  /styled-jsx/5.1.1_react@18.2.0:
    resolution: {integrity: sha512-pW7uC1l4mBZ8ugbiZrcIsiIvVx1UmTfw7UkC3Um2tmfUq9Bhk8IiyEIPl6F8agHgjzku6j0xQEZbfA5uSgSaCw==}
    engines: {node: '>= 12.0.0'}
    peerDependencies:
      '@babel/core': '*'
      babel-plugin-macros: '*'
      react: '>= 16.8.0 || 17.x.x || ^18.0.0-0'
    peerDependenciesMeta:
      '@babel/core':
        optional: true
      babel-plugin-macros:
        optional: true
    dependencies:
      client-only: 0.0.1
      react: 18.2.0
    dev: false

  /supports-color/7.2.0:
    resolution: {integrity: sha512-qpCAvRl9stuOHveKsn7HncJRvv501qIacKzQlO/+Lwxc9+0q2wLyv4Dfvt80/DPn2pqOBsJdDiogXGR9+OvwRw==}
    engines: {node: '>=8'}
    dependencies:
      has-flag: 4.0.0
    dev: true

  /supports-color/8.1.1:
    resolution: {integrity: sha512-MpUEN2OodtUzxvKQl72cUF7RQ5EiHsGvSsVG0ia9c5RbWGL2CI4C7EpPS8UTBIplnlzZiNuV56w+FuNxy3ty2Q==}
    engines: {node: '>=10'}
    dependencies:
      has-flag: 4.0.0
    dev: true

  /tree-kill/1.2.2:
    resolution: {integrity: sha512-L0Orpi8qGpRG//Nd+H90vFB+3iHnue1zSSGmNOOCh1GLJ7rUKVwV2HvijphGQS2UmhUZewS9VgvxYIdgr+fG1A==}
    hasBin: true
    dev: true

  /tslib/2.5.0:
    resolution: {integrity: sha512-336iVw3rtn2BUK7ORdIAHTyxHGRIHVReokCR3XjbckJMK7ms8FysBfhLR8IXnAgy7T0PTPNBWKiH514FOW/WSg==}

  /wrap-ansi/7.0.0:
    resolution: {integrity: sha512-YVGIj2kamLSTxw6NsZjoBxfSwsn0ycdesmc4p+Q21c5zPuZ1pl+NfxVdxPtdHvmNVOQ6XSYG4AUtyt/Fi7D16Q==}
    engines: {node: '>=10'}
    dependencies:
      ansi-styles: 4.3.0
      string-width: 4.2.3
      strip-ansi: 6.0.1
    dev: true

  /y18n/5.0.8:
    resolution: {integrity: sha512-0pfFzegeDWJHJIAmTLRP2DwHjdF5s7jo9tuztdQxAhINCdvS+3nGINqPd00AphqJR/0LhANUS6/+7SCb98YOfA==}
    engines: {node: '>=10'}
    dev: true

  /yargs-parser/21.1.1:
    resolution: {integrity: sha512-tVpsJW7DdjecAiFpbIB1e3qxIQsE6NoPc5/eTdrbbIC4h0LVsWhnoa3g+m2HclBIujHzsxZ4VJVA+GUuc2/LBw==}
    engines: {node: '>=12'}
    dev: true

  /yargs/17.6.2:
    resolution: {integrity: sha512-1/9UrdHjDZc0eOU0HxOHoS78C69UD3JRMvzlJ7S79S2nTaWRA/whGCTV8o9e/N/1Va9YIV7Q4sOxD8VV4pCWOw==}
    engines: {node: '>=12'}
    dependencies:
      cliui: 8.0.1
      escalade: 3.1.1
      get-caller-file: 2.0.5
      require-directory: 2.1.1
      string-width: 4.2.3
      y18n: 5.0.8
      yargs-parser: 21.1.1
    dev: true

  /zod/3.21.4:
    resolution: {integrity: sha512-m46AKbrzKVzOzs/DZgVnG5H55N1sv1M8qZU3A8RIKbs3mrACDNeIOeilDymVb2HdmP8uwshOCF4uJ8uM9rCqJw==}
    dev: false
